
Microsoft Visual Studio Solution File, Format Version 12.00
# Visual Studio 15
VisualStudioVersion = 15.0.27130.2010
MinimumVisualStudioVersion = 10.0.40219.1
Project("{FAE04EC0-301F-11D3-BF4B-00C04F79EFBC}") = "Expert01", "Expert01\Expert01.csproj", "{4E9D49A3-8D68-45E3-9DBD-35F730D889CD}"
EndProject
Global
	GlobalSection(SolutionConfigurationPlatforms) = preSolution
		Debug|Any CPU = Debug|Any CPU
		Release|Any CPU = Release|Any CPU
	EndGlobalSection
	GlobalSection(ProjectConfigurationPlatforms) = postSolution
		{4E9D49A3-8D68-45E3-9DBD-35F730D889CD}.Debug|Any CPU.ActiveCfg = Debug|Any CPU
		{4E9D49A3-8D68-45E3-9DBD-35F730D889CD}.Debug|Any CPU.Build.0 = Debug|Any CPU
		{4E9D49A3-8D68-45E3-9DBD-35F730D889CD}.Release|Any CPU.ActiveCfg = Release|Any CPU
		{4E9D49A3-8D68-45E3-9DBD-35F730D889CD}.Release|Any CPU.Build.0 = Release|Any CPU
	EndGlobalSection
	GlobalSection(SolutionProperties) = preSolution
		HideSolutionNode = FALSE
	EndGlobalSection
	GlobalSection(ExtensibilityGlobals) = postSolution
		SolutionGuid = {D2110A81-D74F-46A8-BAA0-3A8FE7DE5F7B}
	EndGlobalSection
EndGlobal
